
Microsoft Visual Studio Solution File, Format Version 12.00
# Visual Studio Version 17
VisualStudioVersion = 17.7.34031.279
MinimumVisualStudioVersion = 10.0.40219.1
Project("{FAE04EC0-301F-11D3-BF4B-00C04F79EFBC}") = "practos6", "practos6\practos6.csproj", "{48D76169-0F85-45FE-9283-CC5421B3251E}"
EndProject
Global
	GlobalSection(SolutionConfigurationPlatforms) = preSolution
		Debug|Any CPU = Debug|Any CPU
		Release|Any CPU = Release|Any CPU
	EndGlobalSection
	GlobalSection(ProjectConfigurationPlatforms) = postSolution
		{48D76169-0F85-45FE-9283-CC5421B3251E}.Debug|Any CPU.ActiveCfg = Debug|Any CPU
		{48D76169-0F85-45FE-9283-CC5421B3251E}.Debug|Any CPU.Build.0 = Debug|Any CPU
		{48D76169-0F85-45FE-9283-CC5421B3251E}.Release|Any CPU.ActiveCfg = Release|Any CPU
		{48D76169-0F85-45FE-9283-CC5421B3251E}.Release|Any CPU.Build.0 = Release|Any CPU
	EndGlobalSection
	GlobalSection(SolutionProperties) = preSolution
		HideSolutionNode = FALSE
	EndGlobalSection
	GlobalSection(ExtensibilityGlobals) = postSolution
		SolutionGuid = {7BE1B96A-DC45-4381-ACEC-9320B8C2F196}
	EndGlobalSection
EndGlobal
